
Microsoft Visual Studio Solution File, Format Version 12.00
# Visual Studio Version 17
VisualStudioVersion = 17.5.33414.496
MinimumVisualStudioVersion = 10.0.40219.1
Project("{9A19103F-16F7-4668-BE54-9A1E7A4F7556}") = "SampleApp", "SampleApp\SampleApp.csproj", "{07FF9623-43CB-4074-A8DF-EE2628C6027B}"
EndProject
Project("{9A19103F-16F7-4668-BE54-9A1E7A4F7556}") = "SampleApp.Domain", "SampleApp.Domain\SampleApp.Domain.csproj", "{867B84D0-D1C7-4F92-AA8C-865547AE589C}"
EndProject
Project("{9A19103F-16F7-4668-BE54-9A1E7A4F7556}") = "SampleApp.Application", "SampleApp.Application\SampleApp.Application.csproj", "{FE5E190B-54A9-46E6-B484-1664866E7AA4}"
EndProject
Project("{9A19103F-16F7-4668-BE54-9A1E7A4F7556}") = "SampleApp.Database", "SampleApp.Database\SampleApp.Database.csproj", "{26BBAE16-5ACC-45AF-AF5E-3604A4C454D1}"
EndProject
Project("{9A19103F-16F7-4668-BE54-9A1E7A4F7556}") = "SampeApp.Database.Migrations", "SampeApp.Database.Migrations\SampeApp.Database.Migrations.csproj", "{D5B3D03A-28DE-48B1-AB70-06E80937520F}"
EndProject
Project("{2150E333-8FDC-42A3-9474-1A3956D46DE8}") = "Docker", "Docker", "{9E717C90-F392-4FC4-B805-147C8FACE090}"
	ProjectSection(SolutionItems) = preProject
		docker-compose.yml = docker-compose.yml
		WindowsService.txt = WindowsService.txt
	EndProjectSection
EndProject
Project("{9A19103F-16F7-4668-BE54-9A1E7A4F7556}") = "SampleApp.IntegrationTests", "SampleApp.IntegrationTests\SampleApp.IntegrationTests.csproj", "{51A10C2D-0AEB-4B7E-AE40-11C0CFB039C4}"
EndProject
Project("{FAE04EC0-301F-11D3-BF4B-00C04F79EFBC}") = "SampleApp.Messages", "SampleApp.Messages\SampleApp.Messages.csproj", "{C421AA19-C167-4AEC-ABE2-2A8B513405E2}"
EndProject
Project("{2150E333-8FDC-42A3-9474-1A3956D46DE8}") = "Solution Items", "Solution Items", "{E5FC360D-3618-40E0-AB8D-56315E2E71D9}"
	ProjectSection(SolutionItems) = preProject
		.gitignore = .gitignore
	EndProjectSection
EndProject
Global
	GlobalSection(SolutionConfigurationPlatforms) = preSolution
		Debug|Any CPU = Debug|Any CPU
		Release|Any CPU = Release|Any CPU
	EndGlobalSection
	GlobalSection(ProjectConfigurationPlatforms) = postSolution
		{07FF9623-43CB-4074-A8DF-EE2628C6027B}.Debug|Any CPU.ActiveCfg = Debug|Any CPU
		{07FF9623-43CB-4074-A8DF-EE2628C6027B}.Debug|Any CPU.Build.0 = Debug|Any CPU
		{07FF9623-43CB-4074-A8DF-EE2628C6027B}.Release|Any CPU.ActiveCfg = Release|Any CPU
		{07FF9623-43CB-4074-A8DF-EE2628C6027B}.Release|Any CPU.Build.0 = Release|Any CPU
		{867B84D0-D1C7-4F92-AA8C-865547AE589C}.Debug|Any CPU.ActiveCfg = Debug|Any CPU
		{867B84D0-D1C7-4F92-AA8C-865547AE589C}.Debug|Any CPU.Build.0 = Debug|Any CPU
		{867B84D0-D1C7-4F92-AA8C-865547AE589C}.Release|Any CPU.ActiveCfg = Release|Any CPU
		{867B84D0-D1C7-4F92-AA8C-865547AE589C}.Release|Any CPU.Build.0 = Release|Any CPU
		{FE5E190B-54A9-46E6-B484-1664866E7AA4}.Debug|Any CPU.ActiveCfg = Debug|Any CPU
		{FE5E190B-54A9-46E6-B484-1664866E7AA4}.Debug|Any CPU.Build.0 = Debug|Any CPU
		{FE5E190B-54A9-46E6-B484-1664866E7AA4}.Release|Any CPU.ActiveCfg = Release|Any CPU
		{FE5E190B-54A9-46E6-B484-1664866E7AA4}.Release|Any CPU.Build.0 = Release|Any CPU
		{26BBAE16-5ACC-45AF-AF5E-3604A4C454D1}.Debug|Any CPU.ActiveCfg = Debug|Any CPU
		{26BBAE16-5ACC-45AF-AF5E-3604A4C454D1}.Debug|Any CPU.Build.0 = Debug|Any CPU
		{26BBAE16-5ACC-45AF-AF5E-3604A4C454D1}.Release|Any CPU.ActiveCfg = Release|Any CPU
		{26BBAE16-5ACC-45AF-AF5E-3604A4C454D1}.Release|Any CPU.Build.0 = Release|Any CPU
		{D5B3D03A-28DE-48B1-AB70-06E80937520F}.Debug|Any CPU.ActiveCfg = Debug|Any CPU
		{D5B3D03A-28DE-48B1-AB70-06E80937520F}.Debug|Any CPU.Build.0 = Debug|Any CPU
		{D5B3D03A-28DE-48B1-AB70-06E80937520F}.Release|Any CPU.ActiveCfg = Release|Any CPU
		{D5B3D03A-28DE-48B1-AB70-06E80937520F}.Release|Any CPU.Build.0 = Release|Any CPU
		{51A10C2D-0AEB-4B7E-AE40-11C0CFB039C4}.Debug|Any CPU.ActiveCfg = Debug|Any CPU
		{51A10C2D-0AEB-4B7E-AE40-11C0CFB039C4}.Debug|Any CPU.Build.0 = Debug|Any CPU
		{51A10C2D-0AEB-4B7E-AE40-11C0CFB039C4}.Release|Any CPU.ActiveCfg = Release|Any CPU
		{51A10C2D-0AEB-4B7E-AE40-11C0CFB039C4}.Release|Any CPU.Build.0 = Release|Any CPU
		{C421AA19-C167-4AEC-ABE2-2A8B513405E2}.Debug|Any CPU.ActiveCfg = Debug|Any CPU
		{C421AA19-C167-4AEC-ABE2-2A8B513405E2}.Debug|Any CPU.Build.0 = Debug|Any CPU
		{C421AA19-C167-4AEC-ABE2-2A8B513405E2}.Release|Any CPU.ActiveCfg = Release|Any CPU
		{C421AA19-C167-4AEC-ABE2-2A8B513405E2}.Release|Any CPU.Build.0 = Release|Any CPU
	EndGlobalSection
	GlobalSection(SolutionProperties) = preSolution
		HideSolutionNode = FALSE
	EndGlobalSection
	GlobalSection(ExtensibilityGlobals) = postSolution
		SolutionGuid = {F8BBE035-46A0-4AAC-B11E-D91975766C36}
	EndGlobalSection
EndGlobal
