
Microsoft Visual Studio Solution File, Format Version 12.00
# Visual Studio Version 17
VisualStudioVersion = 17.5.33414.496
MinimumVisualStudioVersion = 10.0.40219.1
Project("{9A19103F-16F7-4668-BE54-9A1E7A4F7556}") = "SampleApp", "SampleApp\SampleApp.csproj", "{07FF9623-43CB-4074-A8DF-EE2628C6027B}"
EndProject
Project("{FAE04EC0-301F-11D3-BF4B-00C04F79EFBC}") = "SampleApp.Domain", "SampleApp.Domain\SampleApp.Domain.csproj", "{867B84D0-D1C7-4F92-AA8C-865547AE589C}"
EndProject
Project("{FAE04EC0-301F-11D3-BF4B-00C04F79EFBC}") = "SampleApp.Application", "SampleApp.Application\SampleApp.Application.csproj", "{FE5E190B-54A9-46E6-B484-1664866E7AA4}"
EndProject
Global
	GlobalSection(SolutionConfigurationPlatforms) = preSolution
		Debug|Any CPU = Debug|Any CPU
		Release|Any CPU = Release|Any CPU
	EndGlobalSection
	GlobalSection(ProjectConfigurationPlatforms) = postSolution
		{07FF9623-43CB-4074-A8DF-EE2628C6027B}.Debug|Any CPU.ActiveCfg = Debug|Any CPU
		{07FF9623-43CB-4074-A8DF-EE2628C6027B}.Debug|Any CPU.Build.0 = Debug|Any CPU
		{07FF9623-43CB-4074-A8DF-EE2628C6027B}.Release|Any CPU.ActiveCfg = Release|Any CPU
		{07FF9623-43CB-4074-A8DF-EE2628C6027B}.Release|Any CPU.Build.0 = Release|Any CPU
		{867B84D0-D1C7-4F92-AA8C-865547AE589C}.Debug|Any CPU.ActiveCfg = Debug|Any CPU
		{867B84D0-D1C7-4F92-AA8C-865547AE589C}.Debug|Any CPU.Build.0 = Debug|Any CPU
		{867B84D0-D1C7-4F92-AA8C-865547AE589C}.Release|Any CPU.ActiveCfg = Release|Any CPU
		{867B84D0-D1C7-4F92-AA8C-865547AE589C}.Release|Any CPU.Build.0 = Release|Any CPU
		{FE5E190B-54A9-46E6-B484-1664866E7AA4}.Debug|Any CPU.ActiveCfg = Debug|Any CPU
		{FE5E190B-54A9-46E6-B484-1664866E7AA4}.Debug|Any CPU.Build.0 = Debug|Any CPU
		{FE5E190B-54A9-46E6-B484-1664866E7AA4}.Release|Any CPU.ActiveCfg = Release|Any CPU
		{FE5E190B-54A9-46E6-B484-1664866E7AA4}.Release|Any CPU.Build.0 = Release|Any CPU
	EndGlobalSection
	GlobalSection(SolutionProperties) = preSolution
		HideSolutionNode = FALSE
	EndGlobalSection
	GlobalSection(ExtensibilityGlobals) = postSolution
		SolutionGuid = {F8BBE035-46A0-4AAC-B11E-D91975766C36}
	EndGlobalSection
EndGlobal
